
Microsoft Visual Studio Solution File, Format Version 12.00
# Visual Studio Version 17
VisualStudioVersion = 17.14.37216.2
MinimumVisualStudioVersion = 10.0.40219.1
Project("{2150E333-8FDC-42A3-9474-1A3956D46DE8}") = "Frontend", "Frontend", "{02EA681E-C7D8-13C7-8484-4AC65E1B71E8}"
EndProject
Project("{2150E333-8FDC-42A3-9474-1A3956D46DE8}") = "Gateway", "Gateway", "{451EC3DF-491C-476C-9CD2-EFF722FB7389}"
EndProject
Project("{2150E333-8FDC-42A3-9474-1A3956D46DE8}") = "Services", "Services", "{E75AC881-65EF-42F6-82DF-88040CAD532C}"
EndProject
Project("{2150E333-8FDC-42A3-9474-1A3956D46DE8}") = "Integration", "Integration", "{E3564268-F0FC-4C68-A25D-F5FC92129BA7}"
EndProject
Project("{FAE04EC0-301F-11D3-BF4B-00C04F79EFBC}") = "Mango.Services.CouponAPI", "Mango.Services.CouponAPI\Mango.Services.CouponAPI.csproj", "{E4958717-7752-477A-8E7E-E280FA8A59F2}"
EndProject
Project("{FAE04EC0-301F-11D3-BF4B-00C04F79EFBC}") = "Mango.Web", "Mango.Web\Mango.Web.csproj", "{7F1B85DB-DF36-4B5D-8966-231B046C8782}"
EndProject
Project("{FAE04EC0-301F-11D3-BF4B-00C04F79EFBC}") = "Mango.Services.AuthAPI", "Mango.Services.AuthAPI\Mango.Services.AuthAPI.csproj", "{28409756-15FA-4C62-B196-D15C8A53E803}"
EndProject
Project("{FAE04EC0-301F-11D3-BF4B-00C04F79EFBC}") = "Mango.Services.ProductAPI", "Mango.Services.ProductAPI\Mango.Services.ProductAPI.csproj", "{554F4DD3-6905-4A5D-9AF7-32F61059EAA6}"
EndProject
Project("{FAE04EC0-301F-11D3-BF4B-00C04F79EFBC}") = "Mango.Services.ShoppingCartAPI", "Mango.Services.ShoppingCartAPI\Mango.Services.ShoppingCartAPI.csproj", "{FA034914-213D-4F31-AEC6-B9372D605A63}"
EndProject
Global
	GlobalSection(SolutionConfigurationPlatforms) = preSolution
		Debug|Any CPU = Debug|Any CPU
		Release|Any CPU = Release|Any CPU
	EndGlobalSection
	GlobalSection(ProjectConfigurationPlatforms) = postSolution
		{E4958717-7752-477A-8E7E-E280FA8A59F2}.Debug|Any CPU.ActiveCfg = Debug|Any CPU
		{E4958717-7752-477A-8E7E-E280FA8A59F2}.Debug|Any CPU.Build.0 = Debug|Any CPU
		{E4958717-7752-477A-8E7E-E280FA8A59F2}.Release|Any CPU.ActiveCfg = Release|Any CPU
		{E4958717-7752-477A-8E7E-E280FA8A59F2}.Release|Any CPU.Build.0 = Release|Any CPU
		{7F1B85DB-DF36-4B5D-8966-231B046C8782}.Debug|Any CPU.ActiveCfg = Debug|Any CPU
		{7F1B85DB-DF36-4B5D-8966-231B046C8782}.Debug|Any CPU.Build.0 = Debug|Any CPU
		{7F1B85DB-DF36-4B5D-8966-231B046C8782}.Release|Any CPU.ActiveCfg = Release|Any CPU
		{7F1B85DB-DF36-4B5D-8966-231B046C8782}.Release|Any CPU.Build.0 = Release|Any CPU
		{28409756-15FA-4C62-B196-D15C8A53E803}.Debug|Any CPU.ActiveCfg = Debug|Any CPU
		{28409756-15FA-4C62-B196-D15C8A53E803}.Debug|Any CPU.Build.0 = Debug|Any CPU
		{28409756-15FA-4C62-B196-D15C8A53E803}.Release|Any CPU.ActiveCfg = Release|Any CPU
		{28409756-15FA-4C62-B196-D15C8A53E803}.Release|Any CPU.Build.0 = Release|Any CPU
		{554F4DD3-6905-4A5D-9AF7-32F61059EAA6}.Debug|Any CPU.ActiveCfg = Debug|Any CPU
		{554F4DD3-6905-4A5D-9AF7-32F61059EAA6}.Debug|Any CPU.Build.0 = Debug|Any CPU
		{554F4DD3-6905-4A5D-9AF7-32F61059EAA6}.Release|Any CPU.ActiveCfg = Release|Any CPU
		{554F4DD3-6905-4A5D-9AF7-32F61059EAA6}.Release|Any CPU.Build.0 = Release|Any CPU
		{FA034914-213D-4F31-AEC6-B9372D605A63}.Debug|Any CPU.ActiveCfg = Debug|Any CPU
		{FA034914-213D-4F31-AEC6-B9372D605A63}.Debug|Any CPU.Build.0 = Debug|Any CPU
		{FA034914-213D-4F31-AEC6-B9372D605A63}.Release|Any CPU.ActiveCfg = Release|Any CPU
		{FA034914-213D-4F31-AEC6-B9372D605A63}.Release|Any CPU.Build.0 = Release|Any CPU
	EndGlobalSection
	GlobalSection(SolutionProperties) = preSolution
		HideSolutionNode = FALSE
	EndGlobalSection
	GlobalSection(NestedProjects) = preSolution
		{E4958717-7752-477A-8E7E-E280FA8A59F2} = {E75AC881-65EF-42F6-82DF-88040CAD532C}
		{7F1B85DB-DF36-4B5D-8966-231B046C8782} = {02EA681E-C7D8-13C7-8484-4AC65E1B71E8}
		{28409756-15FA-4C62-B196-D15C8A53E803} = {E75AC881-65EF-42F6-82DF-88040CAD532C}
		{554F4DD3-6905-4A5D-9AF7-32F61059EAA6} = {E75AC881-65EF-42F6-82DF-88040CAD532C}
		{FA034914-213D-4F31-AEC6-B9372D605A63} = {E75AC881-65EF-42F6-82DF-88040CAD532C}
	EndGlobalSection
	GlobalSection(ExtensibilityGlobals) = postSolution
		SolutionGuid = {FFD255BE-78EA-4910-BB79-FAAE9208C40A}
	EndGlobalSection
EndGlobal
